
Microsoft Visual Studio Solution File, Format Version 12.00
# Visual Studio Version 16
VisualStudioVersion = 16.0.31729.503
MinimumVisualStudioVersion = 10.0.40219.1
Project("{FAE04EC0-301F-11D3-BF4B-00C04F79EFBC}") = "New_Adt_Example_1", "New_Adt_Example_1\New_Adt_Example_1.csproj", "{FE97A081-246A-4676-8C29-72B9EE44EC28}"
EndProject
Global
	GlobalSection(SolutionConfigurationPlatforms) = preSolution
		Debug|Any CPU = Debug|Any CPU
		Release|Any CPU = Release|Any CPU
	EndGlobalSection
	GlobalSection(ProjectConfigurationPlatforms) = postSolution
		{FE97A081-246A-4676-8C29-72B9EE44EC28}.Debug|Any CPU.ActiveCfg = Debug|Any CPU
		{FE97A081-246A-4676-8C29-72B9EE44EC28}.Debug|Any CPU.Build.0 = Debug|Any CPU
		{FE97A081-246A-4676-8C29-72B9EE44EC28}.Release|Any CPU.ActiveCfg = Release|Any CPU
		{FE97A081-246A-4676-8C29-72B9EE44EC28}.Release|Any CPU.Build.0 = Release|Any CPU
	EndGlobalSection
	GlobalSection(SolutionProperties) = preSolution
		HideSolutionNode = FALSE
	EndGlobalSection
	GlobalSection(ExtensibilityGlobals) = postSolution
		SolutionGuid = {A634EDA4-669F-4BDD-9D63-87EB90B591D4}
	EndGlobalSection
EndGlobal
